// !$*UTF8*$!
{
	archiveVersion = 1;
	classes = {
	};
	objectVersion = 56;
	objects = {

/* Begin PBXBuildFile section */
		D0741AB62BF5F9DA00F6C4B3 /* BackgroundTaskWorkshopApp.swift in Sources */ = {isa = PBXBuildFile; fileRef = D0741AB52BF5F9DA00F6C4B3 /* BackgroundTaskWorkshopApp.swift */; };
		D0741AB82BF5F9DA00F6C4B3 /* ContentView.swift in Sources */ = {isa = PBXBuildFile; fileRef = D0741AB72BF5F9DA00F6C4B3 /* ContentView.swift */; };
		D0741ABA2BF5F9DB00F6C4B3 /* Assets.xcassets in Resources */ = {isa = PBXBuildFile; fileRef = D0741AB92BF5F9DB00F6C4B3 /* Assets.xcassets */; };
		D0741ABE2BF5F9DB00F6C4B3 /* Preview Assets.xcassets in Resources */ = {isa = PBXBuildFile; fileRef = D0741ABD2BF5F9DB00F6C4B3 /* Preview Assets.xcassets */; };
		D0741AC82BF5F9DB00F6C4B3 /* BackgroundTaskWorkshopTests.swift in Sources */ = {isa = PBXBuildFile; fileRef = D0741AC72BF5F9DB00F6C4B3 /* BackgroundTaskWorkshopTests.swift */; };
		D0741AD22BF5F9DB00F6C4B3 /* BackgroundTaskWorkshopUITests.swift in Sources */ = {isa = PBXBuildFile; fileRef = D0741AD12BF5F9DB00F6C4B3 /* BackgroundTaskWorkshopUITests.swift */; };
		D0741AD42BF5F9DB00F6C4B3 /* BackgroundTaskWorkshopUITestsLaunchTests.swift in Sources */ = {isa = PBXBuildFile; fileRef = D0741AD32BF5F9DB00F6C4B3 /* BackgroundTaskWorkshopUITestsLaunchTests.swift */; };
/* End PBXBuildFile section */

/* Begin PBXContainerItemProxy section */
		D0741AC42BF5F9DB00F6C4B3 /* PBXContainerItemProxy */ = {
			isa = PBXContainerItemProxy;
			containerPortal = D0741AAA2BF5F9DA00F6C4B3 /* Project object */;
			proxyType = 1;
			remoteGlobalIDString = D0741AB12BF5F9DA00F6C4B3;
			remoteInfo = BackgroundTaskWorkshop;
		};
		D0741ACE2BF5F9DB00F6C4B3 /* PBXContainerItemProxy */ = {
			isa = PBXContainerItemProxy;
			containerPortal = D0741AAA2BF5F9DA00F6C4B3 /* Project object */;
			proxyType = 1;
			remoteGlobalIDString = D0741AB12BF5F9DA00F6C4B3;
			remoteInfo = BackgroundTaskWorkshop;
		};
/* End PBXContainerItemProxy section */

/* Begin PBXFileReference section */
		D0584FB32BF6061B00E78195 /* Info.plist */ = {isa = PBXFileReference; lastKnownFileType = text.plist; path = Info.plist; sourceTree = "<group>"; };
		D0741AB22BF5F9DA00F6C4B3 /* BackgroundTaskWorkshop.app */ = {isa = PBXFileReference; explicitFileType = wrapper.application; includeInIndex = 0; path = BackgroundTaskWorkshop.app; sourceTree = BUILT_PRODUCTS_DIR; };
		D0741AB52BF5F9DA00F6C4B3 /* BackgroundTaskWorkshopApp.swift */ = {isa = PBXFileReference; lastKnownFileType = sourcecode.swift; path = BackgroundTaskWorkshopApp.swift; sourceTree = "<group>"; };
		D0741AB72BF5F9DA00F6C4B3 /* ContentView.swift */ = {isa = PBXFileReference; lastKnownFileType = sourcecode.swift; path = ContentView.swift; sourceTree = "<group>"; };
		D0741AB92BF5F9DB00F6C4B3 /* Assets.xcassets */ = {isa = PBXFileReference; lastKnownFileType = folder.assetcatalog; path = Assets.xcassets; sourceTree = "<group>"; };
		D0741ABB2BF5F9DB00F6C4B3 /* BackgroundTaskWorkshop.entitlements */ = {isa = PBXFileReference; lastKnownFileType = text.plist.entitlements; path = BackgroundTaskWorkshop.entitlements; sourceTree = "<group>"; };
		D0741ABD2BF5F9DB00F6C4B3 /* Preview Assets.xcassets */ = {isa = PBXFileReference; lastKnownFileType = folder.assetcatalog; path = "Preview Assets.xcassets"; sourceTree = "<group>"; };
		D0741AC32BF5F9DB00F6C4B3 /* BackgroundTaskWorkshopTests.xctest */ = {isa = PBXFileReference; explicitFileType = wrapper.cfbundle; includeInIndex = 0; path = BackgroundTaskWorkshopTests.xctest; sourceTree = BUILT_PRODUCTS_DIR; };
		D0741AC72BF5F9DB00F6C4B3 /* BackgroundTaskWorkshopTests.swift */ = {isa = PBXFileReference; lastKnownFileType = sourcecode.swift; path = BackgroundTaskWorkshopTests.swift; sourceTree = "<group>"; };
		D0741ACD2BF5F9DB00F6C4B3 /* BackgroundTaskWorkshopUITests.xctest */ = {isa = PBXFileReference; explicitFileType = wrapper.cfbundle; includeInIndex = 0; path = BackgroundTaskWorkshopUITests.xctest; sourceTree = BUILT_PRODUCTS_DIR; };
		D0741AD12BF5F9DB00F6C4B3 /* BackgroundTaskWorkshopUITests.swift */ = {isa = PBXFileReference; lastKnownFileType = sourcecode.swift; path = BackgroundTaskWorkshopUITests.swift; sourceTree = "<group>"; };
		D0741AD32BF5F9DB00F6C4B3 /* BackgroundTaskWorkshopUITestsLaunchTests.swift */ = {isa = PBXFileReference; lastKnownFileType = sourcecode.swift; path = BackgroundTaskWorkshopUITestsLaunchTests.swift; sourceTree = "<group>"; };
/* End PBXFileReference section */

/* Begin PBXFrameworksBuildPhase section */
		D0741AAF2BF5F9DA00F6C4B3 /* Frameworks */ = {
			isa = PBXFrameworksBuildPhase;
			buildActionMask = 2147483647;
			files = (
			);
			runOnlyForDeploymentPostprocessing = 0;
		};
		D0741AC02BF5F9DB00F6C4B3 /* Frameworks */ = {
			isa = PBXFrameworksBuildPhase;
			buildActionMask = 2147483647;
			files = (
			);
			runOnlyForDeploymentPostprocessing = 0;
		};
		D0741ACA2BF5F9DB00F6C4B3 /* Frameworks */ = {
			isa = PBXFrameworksBuildPhase;
			buildActionMask = 2147483647;
			files = (
			);
			runOnlyForDeploymentPostprocessing = 0;
		};
/* End PBXFrameworksBuildPhase section */

/* Begin PBXGroup section */
		D0741AA92BF5F9DA00F6C4B3 = {
			isa = PBXGroup;
			children = (
				D0741AB42BF5F9DA00F6C4B3 /* BackgroundTaskWorkshop */,
				D0741AC62BF5F9DB00F6C4B3 /* BackgroundTaskWorkshopTests */,
				D0741AD02BF5F9DB00F6C4B3 /* BackgroundTaskWorkshopUITests */,
				D0741AB32BF5F9DA00F6C4B3 /* Products */,
			);
			sourceTree = "<group>";
		};
		D0741AB32BF5F9DA00F6C4B3 /* Products */ = {
			isa = PBXGroup;
			children = (
				D0741AB22BF5F9DA00F6C4B3 /* BackgroundTaskWorkshop.app */,
				D0741AC32BF5F9DB00F6C4B3 /* BackgroundTaskWorkshopTests.xctest */,
				D0741ACD2BF5F9DB00F6C4B3 /* BackgroundTaskWorkshopUITests.xctest */,
			);
			name = Products;
			sourceTree = "<group>";
		};
		D0741AB42BF5F9DA00F6C4B3 /* BackgroundTaskWorkshop */ = {
			isa = PBXGroup;
			children = (
				D0584FB32BF6061B00E78195 /* Info.plist */,
				D0741AB52BF5F9DA00F6C4B3 /* BackgroundTaskWorkshopApp.swift */,
				D0741AB72BF5F9DA00F6C4B3 /* ContentView.swift */,
				D0741AB92BF5F9DB00F6C4B3 /* Assets.xcassets */,
				D0741ABB2BF5F9DB00F6C4B3 /* BackgroundTaskWorkshop.entitlements */,
				D0741ABC2BF5F9DB00F6C4B3 /* Preview Content */,
			);
			path = BackgroundTaskWorkshop;
			sourceTree = "<group>";
		};
		D0741ABC2BF5F9DB00F6C4B3 /* Preview Content */ = {
			isa = PBXGroup;
			children = (
				D0741ABD2BF5F9DB00F6C4B3 /* Preview Assets.xcassets */,
			);
			path = "Preview Content";
			sourceTree = "<group>";
		};
		D0741AC62BF5F9DB00F6C4B3 /* BackgroundTaskWorkshopTests */ = {
			isa = PBXGroup;
			children = (
				D0741AC72BF5F9DB00F6C4B3 /* BackgroundTaskWorkshopTests.swift */,
			);
			path = BackgroundTaskWorkshopTests;
			sourceTree = "<group>";
		};
		D0741AD02BF5F9DB00F6C4B3 /* BackgroundTaskWorkshopUITests */ = {
			isa = PBXGroup;
			children = (
				D0741AD12BF5F9DB00F6C4B3 /* BackgroundTaskWorkshopUITests.swift */,
				D0741AD32BF5F9DB00F6C4B3 /* BackgroundTaskWorkshopUITestsLaunchTests.swift */,
			);
			path = BackgroundTaskWorkshopUITests;
			sourceTree = "<group>";
		};
/* End PBXGroup section */

/* Begin PBXNativeTarget section */
		D0741AB12BF5F9DA00F6C4B3 /* BackgroundTaskWorkshop */ = {
			isa = PBXNativeTarget;
			buildConfigurationList = D0741AD72BF5F9DB00F6C4B3 /* Build configuration list for PBXNativeTarget "BackgroundTaskWorkshop" */;
			buildPhases = (
				D0741AAE2BF5F9DA00F6C4B3 /* Sources */,
				D0741AAF2BF5F9DA00F6C4B3 /* Frameworks */,
				D0741AB02BF5F9DA00F6C4B3 /* Resources */,
			);
			buildRules = (
			);
			dependencies = (
			);
			name = BackgroundTaskWorkshop;
			productName = BackgroundTaskWorkshop;
			productReference = D0741AB22BF5F9DA00F6C4B3 /* BackgroundTaskWorkshop.app */;
			productType = "com.apple.product-type.application";
		};
		D0741AC22BF5F9DB00F6C4B3 /* BackgroundTaskWorkshopTests */ = {
			isa = PBXNativeTarget;
			buildConfigurationList = D0741ADA2BF5F9DB00F6C4B3 /* Build configuration list for PBXNativeTarget "BackgroundTaskWorkshopTests" */;
			buildPhases = (
				D0741ABF2BF5F9DB00F6C4B3 /* Sources */,
				D0741AC02BF5F9DB00F6C4B3 /* Frameworks */,
				D0741AC12BF5F9DB00F6C4B3 /* Resources */,
			);
			buildRules = (
			);
			dependencies = (
				D0741AC52BF5F9DB00F6C4B3 /* PBXTargetDependency */,
			);
			name = BackgroundTaskWorkshopTests;
			productName = BackgroundTaskWorkshopTests;
			productReference = D0741AC32BF5F9DB00F6C4B3 /* BackgroundTaskWorkshopTests.xctest */;
			productType = "com.apple.product-type.bundle.unit-test";
		};
		D0741ACC2BF5F9DB00F6C4B3 /* BackgroundTaskWorkshopUITests */ = {
			isa = PBXNativeTarget;
			buildConfigurationList = D0741ADD2BF5F9DB00F6C4B3 /* Build configuration list for PBXNativeTarget "BackgroundTaskWorkshopUITests" */;
			buildPhases = (
				D0741AC92BF5F9DB00F6C4B3 /* Sources */,
				D0741ACA2BF5F9DB00F6C4B3 /* Frameworks */,
				D0741ACB2BF5F9DB00F6C4B3 /* Resources */,
			);
			buildRules = (
			);
			dependencies = (
				D0741ACF2BF5F9DB00F6C4B3 /* PBXTargetDependency */,
			);
			name = BackgroundTaskWorkshopUITests;
			productName = BackgroundTaskWorkshopUITests;
			productReference = D0741ACD2BF5F9DB00F6C4B3 /* BackgroundTaskWorkshopUITests.xctest */;
			productType = "com.apple.product-type.bundle.ui-testing";
		};
/* End PBXNativeTarget section */

/* Begin PBXProject section */
		D0741AAA2BF5F9DA00F6C4B3 /* Project object */ = {
			isa = PBXProject;
			attributes = {
				BuildIndependentTargetsInParallel = 1;
				LastSwiftUpdateCheck = 1530;
				LastUpgradeCheck = 1530;
				TargetAttributes = {
					D0741AB12BF5F9DA00F6C4B3 = {
						CreatedOnToolsVersion = 15.3;
					};
					D0741AC22BF5F9DB00F6C4B3 = {
						CreatedOnToolsVersion = 15.3;
						TestTargetID = D0741AB12BF5F9DA00F6C4B3;
					};
					D0741ACC2BF5F9DB00F6C4B3 = {
						CreatedOnToolsVersion = 15.3;
						TestTargetID = D0741AB12BF5F9DA00F6C4B3;
					};
				};
			};
			buildConfigurationList = D0741AAD2BF5F9DA00F6C4B3 /* Build configuration list for PBXProject "BackgroundTaskWorkshop" */;
			compatibilityVersion = "Xcode 14.0";
			developmentRegion = en;
			hasScannedForEncodings = 0;
			knownRegions = (
				en,
				Base,
			);
			mainGroup = D0741AA92BF5F9DA00F6C4B3;
			productRefGroup = D0741AB32BF5F9DA00F6C4B3 /* Products */;
			projectDirPath = "";
			projectRoot = "";
			targets = (
				D0741AB12BF5F9DA00F6C4B3 /* BackgroundTaskWorkshop */,
				D0741AC22BF5F9DB00F6C4B3 /* BackgroundTaskWorkshopTests */,
				D0741ACC2BF5F9DB00F6C4B3 /* BackgroundTaskWorkshopUITests */,
			);
		};
/* End PBXProject section */

/* Begin PBXResourcesBuildPhase section */
		D0741AB02BF5F9DA00F6C4B3 /* Resources */ = {
			isa = PBXResourcesBuildPhase;
			buildActionMask = 2147483647;
			files = (
				D0741ABE2BF5F9DB00F6C4B3 /* Preview Assets.xcassets in Resources */,
				D0741ABA2BF5F9DB00F6C4B3 /* Assets.xcassets in Resources */,
			);
			runOnlyForDeploymentPostprocessing = 0;
		};
		D0741AC12BF5F9DB00F6C4B3 /* Resources */ = {
			isa = PBXResourcesBuildPhase;
			buildActionMask = 2147483647;
			files = (
			);
			runOnlyForDeploymentPostprocessing = 0;
		};
		D0741ACB2BF5F9DB00F6C4B3 /* Resources */ = {
			isa = PBXResourcesBuildPhase;
			buildActionMask = 2147483647;
			files = (
			);
			runOnlyForDeploymentPostprocessing = 0;
		};
/* End PBXResourcesBuildPhase section */

/* Begin PBXSourcesBuildPhase section */
		D0741AAE2BF5F9DA00F6C4B3 /* Sources */ = {
			isa = PBXSourcesBuildPhase;
			buildActionMask = 2147483647;
			files = (
				D0741AB82BF5F9DA00F6C4B3 /* ContentView.swift in Sources */,
				D0741AB62BF5F9DA00F6C4B3 /* BackgroundTaskWorkshopApp.swift in Sources */,
			);
			runOnlyForDeploymentPostprocessing = 0;
		};
		D0741ABF2BF5F9DB00F6C4B3 /* Sources */ = {
			isa = PBXSourcesBuildPhase;
			buildActionMask = 2147483647;
			files = (
				D0741AC82BF5F9DB00F6C4B3 /* BackgroundTaskWorkshopTests.swift in Sources */,
			);
			runOnlyForDeploymentPostprocessing = 0;
		};
		D0741AC92BF5F9DB00F6C4B3 /* Sources */ = {
			isa = PBXSourcesBuildPhase;
			buildActionMask = 2147483647;
			files = (
				D0741AD42BF5F9DB00F6C4B3 /* BackgroundTaskWorkshopUITestsLaunchTests.swift in Sources */,
				D0741AD22BF5F9DB00F6C4B3 /* BackgroundTaskWorkshopUITests.swift in Sources */,
			);
			runOnlyForDeploymentPostprocessing = 0;
		};
/* End PBXSourcesBuildPhase section */

/* Begin PBXTargetDependency section */
		D0741AC52BF5F9DB00F6C4B3 /* PBXTargetDependency */ = {
			isa = PBXTargetDependency;
			target = D0741AB12BF5F9DA00F6C4B3 /* BackgroundTaskWorkshop */;
			targetProxy = D0741AC42BF5F9DB00F6C4B3 /* PBXContainerItemProxy */;
		};
		D0741ACF2BF5F9DB00F6C4B3 /* PBXTargetDependency */ = {
			isa = PBXTargetDependency;
			target = D0741AB12BF5F9DA00F6C4B3 /* BackgroundTaskWorkshop */;
			targetProxy = D0741ACE2BF5F9DB00F6C4B3 /* PBXContainerItemProxy */;
		};
/* End PBXTargetDependency section */

/* Begin XCBuildConfiguration section */
		D0741AD52BF5F9DB00F6C4B3 /* Debug */ = {
			isa = XCBuildConfiguration;
			buildSettings = {
				ALWAYS_SEARCH_USER_PATHS = NO;
				ASSETCATALOG_COMPILER_GENERATE_SWIFT_ASSET_SYMBOL_EXTENSIONS = YES;
				CLANG_ANALYZER_NONNULL = YES;
				CLANG_ANALYZER_NUMBER_OBJECT_CONVERSION = YES_AGGRESSIVE;
				CLANG_CXX_LANGUAGE_STANDARD = "gnu++20";
				CLANG_ENABLE_MODULES = YES;
				CLANG_ENABLE_OBJC_ARC = YES;
				CLANG_ENABLE_OBJC_WEAK = YES;
				CLANG_WARN_BLOCK_CAPTURE_AUTORELEASING = YES;
				CLANG_WARN_BOOL_CONVERSION = YES;
				CLANG_WARN_COMMA = YES;
				CLANG_WARN_CONSTANT_CONVERSION = YES;
				CLANG_WARN_DEPRECATED_OBJC_IMPLEMENTATIONS = YES;
				CLANG_WARN_DIRECT_OBJC_ISA_USAGE = YES_ERROR;
				CLANG_WARN_DOCUMENTATION_COMMENTS = YES;
				CLANG_WARN_EMPTY_BODY = YES;
				CLANG_WARN_ENUM_CONVERSION = YES;
				CLANG_WARN_INFINITE_RECURSION = YES;
				CLANG_WARN_INT_CONVERSION = YES;
				CLANG_WARN_NON_LITERAL_NULL_CONVERSION = YES;
				CLANG_WARN_OBJC_IMPLICIT_RETAIN_SELF = YES;
				CLANG_WARN_OBJC_LITERAL_CONVERSION = YES;
				CLANG_WARN_OBJC_ROOT_CLASS = YES_ERROR;
				CLANG_WARN_QUOTED_INCLUDE_IN_FRAMEWORK_HEADER = YES;
				CLANG_WARN_RANGE_LOOP_ANALYSIS = YES;
				CLANG_WARN_STRICT_PROTOTYPES = YES;
				CLANG_WARN_SUSPICIOUS_MOVE = YES;
				CLANG_WARN_UNGUARDED_AVAILABILITY = YES_AGGRESSIVE;
				CLANG_WARN_UNREACHABLE_CODE = YES;
				CLANG_WARN__DUPLICATE_METHOD_MATCH = YES;
				COPY_PHASE_STRIP = NO;
				DEBUG_INFORMATION_FORMAT = dwarf;
				ENABLE_STRICT_OBJC_MSGSEND = YES;
				ENABLE_TESTABILITY = YES;
				ENABLE_USER_SCRIPT_SANDBOXING = YES;
				GCC_C_LANGUAGE_STANDARD = gnu17;
				GCC_DYNAMIC_NO_PIC = NO;
				GCC_NO_COMMON_BLOCKS = YES;
				GCC_OPTIMIZATION_LEVEL = 0;
				GCC_PREPROCESSOR_DEFINITIONS = (
					"DEBUG=1",
					"$(inherited)",
				);
				GCC_WARN_64_TO_32_BIT_CONVERSION = YES;
				GCC_WARN_ABOUT_RETURN_TYPE = YES_ERROR;
				GCC_WARN_UNDECLARED_SELECTOR = YES;
				GCC_WARN_UNINITIALIZED_AUTOS = YES_AGGRESSIVE;
				GCC_WARN_UNUSED_FUNCTION = YES;
				GCC_WARN_UNUSED_VARIABLE = YES;
				LOCALIZATION_PREFERS_STRING_CATALOGS = YES;
				MTL_ENABLE_DEBUG_INFO = INCLUDE_SOURCE;
				MTL_FAST_MATH = YES;
				ONLY_ACTIVE_ARCH = YES;
				SWIFT_ACTIVE_COMPILATION_CONDITIONS = "DEBUG $(inherited)";
				SWIFT_OPTIMIZATION_LEVEL = "-Onone";
			};
			name = Debug;
		};
		D0741AD62BF5F9DB00F6C4B3 /* Release */ = {
			isa = XCBuildConfiguration;
			buildSettings = {
				ALWAYS_SEARCH_USER_PATHS = NO;
				ASSETCATALOG_COMPILER_GENERATE_SWIFT_ASSET_SYMBOL_EXTENSIONS = YES;
				CLANG_ANALYZER_NONNULL = YES;
				CLANG_ANALYZER_NUMBER_OBJECT_CONVERSION = YES_AGGRESSIVE;
				CLANG_CXX_LANGUAGE_STANDARD = "gnu++20";
				CLANG_ENABLE_MODULES = YES;
				CLANG_ENABLE_OBJC_ARC = YES;
				CLANG_ENABLE_OBJC_WEAK = YES;
				CLANG_WARN_BLOCK_CAPTURE_AUTORELEASING = YES;
				CLANG_WARN_BOOL_CONVERSION = YES;
				CLANG_WARN_COMMA = YES;
				CLANG_WARN_CONSTANT_CONVERSION = YES;
				CLANG_WARN_DEPRECATED_OBJC_IMPLEMENTATIONS = YES;
				CLANG_WARN_DIRECT_OBJC_ISA_USAGE = YES_ERROR;
				CLANG_WARN_DOCUMENTATION_COMMENTS = YES;
				CLANG_WARN_EMPTY_BODY = YES;
				CLANG_WARN_ENUM_CONVERSION = YES;
				CLANG_WARN_INFINITE_RECURSION = YES;
				CLANG_WARN_INT_CONVERSION = YES;
				CLANG_WARN_NON_LITERAL_NULL_CONVERSION = YES;
				CLANG_WARN_OBJC_IMPLICIT_RETAIN_SELF = YES;
				CLANG_WARN_OBJC_LITERAL_CONVERSION = YES;
				CLANG_WARN_OBJC_ROOT_CLASS = YES_ERROR;
				CLANG_WARN_QUOTED_INCLUDE_IN_FRAMEWORK_HEADER = YES;
				CLANG_WARN_RANGE_LOOP_ANALYSIS = YES;
				CLANG_WARN_STRICT_PROTOTYPES = YES;
				CLANG_WARN_SUSPICIOUS_MOVE = YES;
				CLANG_WARN_UNGUARDED_AVAILABILITY = YES_AGGRESSIVE;
				CLANG_WARN_UNREACHABLE_CODE = YES;
				CLANG_WARN__DUPLICATE_METHOD_MATCH = YES;
				COPY_PHASE_STRIP = NO;
				DEBUG_INFORMATION_FORMAT = "dwarf-with-dsym";
				ENABLE_NS_ASSERTIONS = NO;
				ENABLE_STRICT_OBJC_MSGSEND = YES;
				ENABLE_USER_SCRIPT_SANDBOXING = YES;
				GCC_C_LANGUAGE_STANDARD = gnu17;
				GCC_NO_COMMON_BLOCKS = YES;
				GCC_WARN_64_TO_32_BIT_CONVERSION = YES;
				GCC_WARN_ABOUT_RETURN_TYPE = YES_ERROR;
				GCC_WARN_UNDECLARED_SELECTOR = YES;
				GCC_WARN_UNINITIALIZED_AUTOS = YES_AGGRESSIVE;
				GCC_WARN_UNUSED_FUNCTION = YES;
				GCC_WARN_UNUSED_VARIABLE = YES;
				LOCALIZATION_PREFERS_STRING_CATALOGS = YES;
				MTL_ENABLE_DEBUG_INFO = NO;
				MTL_FAST_MATH = YES;
				SWIFT_COMPILATION_MODE = wholemodule;
			};
			name = Release;
		};
		D0741AD82BF5F9DB00F6C4B3 /* Debug */ = {
			isa = XCBuildConfiguration;
			buildSettings = {
				ASSETCATALOG_COMPILER_APPICON_NAME = AppIcon;
				ASSETCATALOG_COMPILER_GLOBAL_ACCENT_COLOR_NAME = AccentColor;
				CODE_SIGN_ENTITLEMENTS = BackgroundTaskWorkshop/BackgroundTaskWorkshop.entitlements;
				CODE_SIGN_STYLE = Automatic;
				CURRENT_PROJECT_VERSION = 1;
				DEVELOPMENT_ASSET_PATHS = "\"BackgroundTaskWorkshop/Preview Content\"";
				DEVELOPMENT_TEAM = AE3558WB8K;
				ENABLE_PREVIEWS = YES;
				GENERATE_INFOPLIST_FILE = YES;
				INFOPLIST_FILE = BackgroundTaskWorkshop/Info.plist;
				"INFOPLIST_KEY_UIApplicationSceneManifest_Generation[sdk=iphoneos*]" = YES;
				"INFOPLIST_KEY_UIApplicationSceneManifest_Generation[sdk=iphonesimulator*]" = YES;
				"INFOPLIST_KEY_UIApplicationSupportsIndirectInputEvents[sdk=iphoneos*]" = YES;
				"INFOPLIST_KEY_UIApplicationSupportsIndirectInputEvents[sdk=iphonesimulator*]" = YES;
				"INFOPLIST_KEY_UILaunchScreen_Generation[sdk=iphoneos*]" = YES;
				"INFOPLIST_KEY_UILaunchScreen_Generation[sdk=iphonesimulator*]" = YES;
				"INFOPLIST_KEY_UIStatusBarStyle[sdk=iphoneos*]" = UIStatusBarStyleDefault;
				"INFOPLIST_KEY_UIStatusBarStyle[sdk=iphonesimulator*]" = UIStatusBarStyleDefault;
				INFOPLIST_KEY_UISupportedInterfaceOrientations_iPad = "UIInterfaceOrientationPortrait UIInterfaceOrientationPortraitUpsideDown UIInterfaceOrientationLandscapeLeft UIInterfaceOrientationLandscapeRight";
				INFOPLIST_KEY_UISupportedInterfaceOrientations_iPhone = "UIInterfaceOrientationPortrait UIInterfaceOrientationLandscapeLeft UIInterfaceOrientationLandscapeRight";
				IPHONEOS_DEPLOYMENT_TARGET = 17.4;
				LD_RUNPATH_SEARCH_PATHS = "@executable_path/Frameworks";
				"LD_RUNPATH_SEARCH_PATHS[sdk=macosx*]" = "@executable_path/../Frameworks";
				MACOSX_DEPLOYMENT_TARGET = 14.4;
				MARKETING_VERSION = 1.0;
				PRODUCT_BUNDLE_IDENTIFIER = com.kevinabrioux.BackgroundTaskWorkshop;
				PRODUCT_NAME = "$(TARGET_NAME)";
				SDKROOT = auto;
				SUPPORTED_PLATFORMS = "iphoneos iphonesimulator macosx";
				SWIFT_EMIT_LOC_STRINGS = YES;
				SWIFT_VERSION = 5.0;
				TARGETED_DEVICE_FAMILY = "1,2";
			};
			name = Debug;
		};
		D0741AD92BF5F9DB00F6C4B3 /* Release */ = {
			isa = XCBuildConfiguration;
			buildSettings = {
				ASSETCATALOG_COMPILER_APPICON_NAME = AppIcon;
				ASSETCATALOG_COMPILER_GLOBAL_ACCENT_COLOR_NAME = AccentColor;
				CODE_SIGN_ENTITLEMENTS = BackgroundTaskWorkshop/BackgroundTaskWorkshop.entitlements;
				CODE_SIGN_STYLE = Automatic;
				CURRENT_PROJECT_VERSION = 1;
				DEVELOPMENT_ASSET_PATHS = "\"BackgroundTaskWorkshop/Preview Content\"";
				DEVELOPMENT_TEAM = AE3558WB8K;
				ENABLE_PREVIEWS = YES;
				GENERATE_INFOPLIST_FILE = YES;
				INFOPLIST_FILE = BackgroundTaskWorkshop/Info.plist;
				"INFOPLIST_KEY_UIApplicationSceneManifest_Generation[sdk=iphoneos*]" = YES;
				"INFOPLIST_KEY_UIApplicationSceneManifest_Generation[sdk=iphonesimulator*]" = YES;
				"INFOPLIST_KEY_UIApplicationSupportsIndirectInputEvents[sdk=iphoneos*]" = YES;
				"INFOPLIST_KEY_UIApplicationSupportsIndirectInputEvents[sdk=iphonesimulator*]" = YES;
				"INFOPLIST_KEY_UILaunchScreen_Generation[sdk=iphoneos*]" = YES;
				"INFOPLIST_KEY_UILaunchScreen_Generation[sdk=iphonesimulator*]" = YES;
				"INFOPLIST_KEY_UIStatusBarStyle[sdk=iphoneos*]" = UIStatusBarStyleDefault;
				"INFOPLIST_KEY_UIStatusBarStyle[sdk=iphonesimulator*]" = UIStatusBarStyleDefault;
				INFOPLIST_KEY_UISupportedInterfaceOrientations_iPad = "UIInterfaceOrientationPortrait UIInterfaceOrientationPortraitUpsideDown UIInterfaceOrientationLandscapeLeft UIInterfaceOrientationLandscapeRight";
				INFOPLIST_KEY_UISupportedInterfaceOrientations_iPhone = "UIInterfaceOrientationPortrait UIInterfaceOrientationLandscapeLeft UIInterfaceOrientationLandscapeRight";
				IPHONEOS_DEPLOYMENT_TARGET = 17.4;
				LD_RUNPATH_SEARCH_PATHS = "@executable_path/Frameworks";
				"LD_RUNPATH_SEARCH_PATHS[sdk=macosx*]" = "@executable_path/../Frameworks";
				MACOSX_DEPLOYMENT_TARGET = 14.4;
				MARKETING_VERSION = 1.0;
				PRODUCT_BUNDLE_IDENTIFIER = com.kevinabrioux.BackgroundTaskWorkshop;
				PRODUCT_NAME = "$(TARGET_NAME)";
				SDKROOT = auto;
				SUPPORTED_PLATFORMS = "iphoneos iphonesimulator macosx";
				SWIFT_EMIT_LOC_STRINGS = YES;
				SWIFT_VERSION = 5.0;
				TARGETED_DEVICE_FAMILY = "1,2";
			};
			name = Release;
		};
		D0741ADB2BF5F9DB00F6C4B3 /* Debug */ = {
			isa = XCBuildConfiguration;
			buildSettings = {
				ALWAYS_EMBED_SWIFT_STANDARD_LIBRARIES = YES;
				BUNDLE_LOADER = "$(TEST_HOST)";
				CODE_SIGN_STYLE = Automatic;
				CURRENT_PROJECT_VERSION = 1;
				GENERATE_INFOPLIST_FILE = YES;
				IPHONEOS_DEPLOYMENT_TARGET = 17.4;
				MACOSX_DEPLOYMENT_TARGET = 14.4;
				MARKETING_VERSION = 1.0;
				PRODUCT_BUNDLE_IDENTIFIER = com.kevinabrioux.BackgroundTaskWorkshopTests;
				PRODUCT_NAME = "$(TARGET_NAME)";
				SDKROOT = auto;
				SUPPORTED_PLATFORMS = "iphoneos iphonesimulator macosx";
				SWIFT_EMIT_LOC_STRINGS = NO;
				SWIFT_VERSION = 5.0;
				TARGETED_DEVICE_FAMILY = "1,2";
				TEST_HOST = "$(BUILT_PRODUCTS_DIR)/BackgroundTaskWorkshop.app/$(BUNDLE_EXECUTABLE_FOLDER_PATH)/BackgroundTaskWorkshop";
			};
			name = Debug;
		};
		D0741ADC2BF5F9DB00F6C4B3 /* Release */ = {
			isa = XCBuildConfiguration;
			buildSettings = {
				ALWAYS_EMBED_SWIFT_STANDARD_LIBRARIES = YES;
				BUNDLE_LOADER = "$(TEST_HOST)";
				CODE_SIGN_STYLE = Automatic;
				CURRENT_PROJECT_VERSION = 1;
				GENERATE_INFOPLIST_FILE = YES;
				IPHONEOS_DEPLOYMENT_TARGET = 17.4;
				MACOSX_DEPLOYMENT_TARGET = 14.4;
				MARKETING_VERSION = 1.0;
				PRODUCT_BUNDLE_IDENTIFIER = com.kevinabrioux.BackgroundTaskWorkshopTests;
				PRODUCT_NAME = "$(TARGET_NAME)";
				SDKROOT = auto;
				SUPPORTED_PLATFORMS = "iphoneos iphonesimulator macosx";
				SWIFT_EMIT_LOC_STRINGS = NO;
				SWIFT_VERSION = 5.0;
				TARGETED_DEVICE_FAMILY = "1,2";
				TEST_HOST = "$(BUILT_PRODUCTS_DIR)/BackgroundTaskWorkshop.app/$(BUNDLE_EXECUTABLE_FOLDER_PATH)/BackgroundTaskWorkshop";
			};
			name = Release;
		};
		D0741ADE2BF5F9DB00F6C4B3 /* Debug */ = {
			isa = XCBuildConfiguration;
			buildSettings = {
				ALWAYS_EMBED_SWIFT_STANDARD_LIBRARIES = YES;
				CODE_SIGN_STYLE = Automatic;
				CURRENT_PROJECT_VERSION = 1;
				GENERATE_INFOPLIST_FILE = YES;
				IPHONEOS_DEPLOYMENT_TARGET = 17.4;
				MACOSX_DEPLOYMENT_TARGET = 14.4;
				MARKETING_VERSION = 1.0;
				PRODUCT_BUNDLE_IDENTIFIER = com.kevinabrioux.BackgroundTaskWorkshopUITests;
				PRODUCT_NAME = "$(TARGET_NAME)";
				SDKROOT = auto;
				SUPPORTED_PLATFORMS = "iphoneos iphonesimulator macosx";
				SWIFT_EMIT_LOC_STRINGS = NO;
				SWIFT_VERSION = 5.0;
				TARGETED_DEVICE_FAMILY = "1,2";
				TEST_TARGET_NAME = BackgroundTaskWorkshop;
			};
			name = Debug;
		};
		D0741ADF2BF5F9DB00F6C4B3 /* Release */ = {
			isa = XCBuildConfiguration;
			buildSettings = {
				ALWAYS_EMBED_SWIFT_STANDARD_LIBRARIES = YES;
				CODE_SIGN_STYLE = Automatic;
				CURRENT_PROJECT_VERSION = 1;
				GENERATE_INFOPLIST_FILE = YES;
				IPHONEOS_DEPLOYMENT_TARGET = 17.4;
				MACOSX_DEPLOYMENT_TARGET = 14.4;
				MARKETING_VERSION = 1.0;
				PRODUCT_BUNDLE_IDENTIFIER = com.kevinabrioux.BackgroundTaskWorkshopUITests;
				PRODUCT_NAME = "$(TARGET_NAME)";
				SDKROOT = auto;
				SUPPORTED_PLATFORMS = "iphoneos iphonesimulator macosx";
				SWIFT_EMIT_LOC_STRINGS = NO;
				SWIFT_VERSION = 5.0;
				TARGETED_DEVICE_FAMILY = "1,2";
				TEST_TARGET_NAME = BackgroundTaskWorkshop;
			};
			name = Release;
		};
/* End XCBuildConfiguration section */

/* Begin XCConfigurationList section */
		D0741AAD2BF5F9DA00F6C4B3 /* Build configuration list for PBXProject "BackgroundTaskWorkshop" */ = {
			isa = XCConfigurationList;
			buildConfigurations = (
				D0741AD52BF5F9DB00F6C4B3 /* Debug */,
				D0741AD62BF5F9DB00F6C4B3 /* Release */,
			);
			defaultConfigurationIsVisible = 0;
			defaultConfigurationName = Release;
		};
		D0741AD72BF5F9DB00F6C4B3 /* Build configuration list for PBXNativeTarget "BackgroundTaskWorkshop" */ = {
			isa = XCConfigurationList;
			buildConfigurations = (
				D0741AD82BF5F9DB00F6C4B3 /* Debug */,
				D0741AD92BF5F9DB00F6C4B3 /* Release */,
			);
			defaultConfigurationIsVisible = 0;
			defaultConfigurationName = Release;
		};
		D0741ADA2BF5F9DB00F6C4B3 /* Build configuration list for PBXNativeTarget "BackgroundTaskWorkshopTests" */ = {
			isa = XCConfigurationList;
			buildConfigurations = (
				D0741ADB2BF5F9DB00F6C4B3 /* Debug */,
				D0741ADC2BF5F9DB00F6C4B3 /* Release */,
			);
			defaultConfigurationIsVisible = 0;
			defaultConfigurationName = Release;
		};
		D0741ADD2BF5F9DB00F6C4B3 /* Build configuration list for PBXNativeTarget "BackgroundTaskWorkshopUITests" */ = {
			isa = XCConfigurationList;
			buildConfigurations = (
				D0741ADE2BF5F9DB00F6C4B3 /* Debug */,
				D0741ADF2BF5F9DB00F6C4B3 /* Release */,
			);
			defaultConfigurationIsVisible = 0;
			defaultConfigurationName = Release;
		};
/* End XCConfigurationList section */
	};
	rootObject = D0741AAA2BF5F9DA00F6C4B3 /* Project object */;
}
